// !$*UTF8*$!
{
	archiveVersion = 1;
	classes = {
	};
	objectVersion = 46;
	objects = {

/* Begin PBXBuildFile section */
		DF472E3D199DE70600018DE5 /* OCImg.cpp in Sources */ = {isa = PBXBuildFile; fileRef = DF472E39199DE70600018DE5 /* OCImg.cpp */; };
		DF472E3E199DE70600018DE5 /* OCImg.h in Headers */ = {isa = PBXBuildFile; fileRef = DF472E3A199DE70600018DE5 /* OCImg.h */; };
		DF472E3F199DE70600018DE5 /* Utils.cpp in Sources */ = {isa = PBXBuildFile; fileRef = DF472E3B199DE70600018DE5 /* Utils.cpp */; };
		DF472E40199DE70600018DE5 /* Utils.h in Headers */ = {isa = PBXBuildFile; fileRef = DF472E3C199DE70600018DE5 /* Utils.h */; };
/* End PBXBuildFile section */

/* Begin PBXFileReference section */
		DF472E31199DE6EE00018DE5 /* libOCImg.a */ = {isa = PBXFileReference; explicitFileType = archive.ar; includeInIndex = 0; path = libOCImg.a; sourceTree = BUILT_PRODUCTS_DIR; };
		DF472E39199DE70600018DE5 /* OCImg.cpp */ = {isa = PBXFileReference; fileEncoding = 4; lastKnownFileType = sourcecode.cpp.cpp; path = OCImg.cpp; sourceTree = "<group>"; };
		DF472E3A199DE70600018DE5 /* OCImg.h */ = {isa = PBXFileReference; fileEncoding = 4; lastKnownFileType = sourcecode.c.h; path = OCImg.h; sourceTree = "<group>"; };
		DF472E3B199DE70600018DE5 /* Utils.cpp */ = {isa = PBXFileReference; fileEncoding = 4; lastKnownFileType = sourcecode.cpp.cpp; path = Utils.cpp; sourceTree = "<group>"; };
		DF472E3C199DE70600018DE5 /* Utils.h */ = {isa = PBXFileReference; fileEncoding = 4; lastKnownFileType = sourcecode.c.h; path = Utils.h; sourceTree = "<group>"; };
/* End PBXFileReference section */

/* Begin PBXFrameworksBuildPhase section */
		DF472E2E199DE6EE00018DE5 /* Frameworks */ = {
			isa = PBXFrameworksBuildPhase;
			buildActionMask = 2147483647;
			files = (
			);
			runOnlyForDeploymentPostprocessing = 0;
		};
/* End PBXFrameworksBuildPhase section */

/* Begin PBXGroup section */
		DF472E28199DE6EE00018DE5 = {
			isa = PBXGroup;
			children = (
				DF472E38199DE70600018DE5 /* OCImg */,
				DF472E32199DE6EE00018DE5 /* Products */,
			);
			sourceTree = "<group>";
		};
		DF472E32199DE6EE00018DE5 /* Products */ = {
			isa = PBXGroup;
			children = (
				DF472E31199DE6EE00018DE5 /* libOCImg.a */,
			);
			name = Products;
			sourceTree = "<group>";
		};
		DF472E38199DE70600018DE5 /* OCImg */ = {
			isa = PBXGroup;
			children = (
				DF472E39199DE70600018DE5 /* OCImg.cpp */,
				DF472E3A199DE70600018DE5 /* OCImg.h */,
				DF472E3B199DE70600018DE5 /* Utils.cpp */,
				DF472E3C199DE70600018DE5 /* Utils.h */,
			);
			path = OCImg;
			sourceTree = "<group>";
		};
/* End PBXGroup section */

/* Begin PBXHeadersBuildPhase section */
		DF472E2F199DE6EE00018DE5 /* Headers */ = {
			isa = PBXHeadersBuildPhase;
			buildActionMask = 2147483647;
			files = (
				DF472E40199DE70600018DE5 /* Utils.h in Headers */,
				DF472E3E199DE70600018DE5 /* OCImg.h in Headers */,
			);
			runOnlyForDeploymentPostprocessing = 0;
		};
/* End PBXHeadersBuildPhase section */

/* Begin PBXNativeTarget section */
		DF472E30199DE6EE00018DE5 /* OCImg */ = {
			isa = PBXNativeTarget;
			buildConfigurationList = DF472E35199DE6EE00018DE5 /* Build configuration list for PBXNativeTarget "OCImg" */;
			buildPhases = (
				DF472E2D199DE6EE00018DE5 /* Sources */,
				DF472E2E199DE6EE00018DE5 /* Frameworks */,
				DF472E2F199DE6EE00018DE5 /* Headers */,
			);
			buildRules = (
			);
			dependencies = (
			);
			name = OCImg;
			productName = OCImg;
			productReference = DF472E31199DE6EE00018DE5 /* libOCImg.a */;
			productType = "com.apple.product-type.library.static";
		};
/* End PBXNativeTarget section */

/* Begin PBXProject section */
		DF472E29199DE6EE00018DE5 /* Project object */ = {
			isa = PBXProject;
			attributes = {
				LastUpgradeCheck = 0510;
				ORGANIZATIONNAME = NexusHubs;
			};
			buildConfigurationList = DF472E2C199DE6EE00018DE5 /* Build configuration list for PBXProject "OCImg" */;
			compatibilityVersion = "Xcode 3.2";
			developmentRegion = English;
			hasScannedForEncodings = 0;
			knownRegions = (
				en,
			);
			mainGroup = DF472E28199DE6EE00018DE5;
			productRefGroup = DF472E32199DE6EE00018DE5 /* Products */;
			projectDirPath = "";
			projectRoot = "";
			targets = (
				DF472E30199DE6EE00018DE5 /* OCImg */,
			);
		};
/* End PBXProject section */

/* Begin PBXSourcesBuildPhase section */
		DF472E2D199DE6EE00018DE5 /* Sources */ = {
			isa = PBXSourcesBuildPhase;
			buildActionMask = 2147483647;
			files = (
				DF472E3D199DE70600018DE5 /* OCImg.cpp in Sources */,
				DF472E3F199DE70600018DE5 /* Utils.cpp in Sources */,
			);
			runOnlyForDeploymentPostprocessing = 0;
		};
/* End PBXSourcesBuildPhase section */

/* Begin XCBuildConfiguration section */
		DF472E33199DE6EE00018DE5 /* Debug */ = {
			isa = XCBuildConfiguration;
			buildSettings = {
				ALWAYS_SEARCH_USER_PATHS = NO;
				CLANG_CXX_LANGUAGE_STANDARD = "gnu++0x";
				CLANG_CXX_LIBRARY = "libc++";
				CLANG_ENABLE_MODULES = YES;
				CLANG_ENABLE_OBJC_ARC = YES;
				CLANG_WARN_BOOL_CONVERSION = YES;
				CLANG_WARN_CONSTANT_CONVERSION = YES;
				CLANG_WARN_DIRECT_OBJC_ISA_USAGE = YES_ERROR;
				CLANG_WARN_EMPTY_BODY = YES;
				CLANG_WARN_ENUM_CONVERSION = YES;
				CLANG_WARN_INT_CONVERSION = YES;
				CLANG_WARN_OBJC_ROOT_CLASS = YES_ERROR;
				CLANG_WARN__DUPLICATE_METHOD_MATCH = YES;
				COPY_PHASE_STRIP = NO;
				GCC_C_LANGUAGE_STANDARD = gnu99;
				GCC_DYNAMIC_NO_PIC = NO;
				GCC_ENABLE_OBJC_EXCEPTIONS = YES;
				GCC_OPTIMIZATION_LEVEL = 0;
				GCC_PREPROCESSOR_DEFINITIONS = (
					"DEBUG=1",
					"$(inherited)",
				);
				GCC_SYMBOLS_PRIVATE_EXTERN = NO;
				GCC_WARN_64_TO_32_BIT_CONVERSION = YES;
				GCC_WARN_ABOUT_RETURN_TYPE = YES_ERROR;
				GCC_WARN_UNDECLARED_SELECTOR = YES;
				GCC_WARN_UNINITIALIZED_AUTOS = YES_AGGRESSIVE;
				GCC_WARN_UNUSED_FUNCTION = YES;
				GCC_WARN_UNUSED_VARIABLE = YES;
				MACOSX_DEPLOYMENT_TARGET = 10.9;
				ONLY_ACTIVE_ARCH = YES;
				SDKROOT = macosx;
			};
			name = Debug;
		};
		DF472E34199DE6EE00018DE5 /* Release */ = {
			isa = XCBuildConfiguration;
			buildSettings = {
				ALWAYS_SEARCH_USER_PATHS = NO;
				CLANG_CXX_LANGUAGE_STANDARD = "gnu++0x";
				CLANG_CXX_LIBRARY = "libc++";
				CLANG_ENABLE_MODULES = YES;
				CLANG_ENABLE_OBJC_ARC = YES;
				CLANG_WARN_BOOL_CONVERSION = YES;
				CLANG_WARN_CONSTANT_CONVERSION = YES;
				CLANG_WARN_DIRECT_OBJC_ISA_USAGE = YES_ERROR;
				CLANG_WARN_EMPTY_BODY = YES;
				CLANG_WARN_ENUM_CONVERSION = YES;
				CLANG_WARN_INT_CONVERSION = YES;
				CLANG_WARN_OBJC_ROOT_CLASS = YES_ERROR;
				CLANG_WARN__DUPLICATE_METHOD_MATCH = YES;
				COPY_PHASE_STRIP = YES;
				DEBUG_INFORMATION_FORMAT = "dwarf-with-dsym";
				ENABLE_NS_ASSERTIONS = NO;
				GCC_C_LANGUAGE_STANDARD = gnu99;
				GCC_ENABLE_OBJC_EXCEPTIONS = YES;
				GCC_WARN_64_TO_32_BIT_CONVERSION = YES;
				GCC_WARN_ABOUT_RETURN_TYPE = YES_ERROR;
				GCC_WARN_UNDECLARED_SELECTOR = YES;
				GCC_WARN_UNINITIALIZED_AUTOS = YES_AGGRESSIVE;
				GCC_WARN_UNUSED_FUNCTION = YES;
				GCC_WARN_UNUSED_VARIABLE = YES;
				MACOSX_DEPLOYMENT_TARGET = 10.9;
				SDKROOT = macosx;
			};
			name = Release;
		};
		DF472E36199DE6EE00018DE5 /* Debug */ = {
			isa = XCBuildConfiguration;
			buildSettings = {
				EXECUTABLE_PREFIX = lib;
				HEADER_SEARCH_PATHS = (
					"$(inherited)",
					/Applications/Xcode.app/Contents/Developer/Toolchains/XcodeDefault.xctoolchain/usr/include,
					/usr/local/include,
				);
				PRODUCT_NAME = "$(TARGET_NAME)";
			};
			name = Debug;
		};
		DF472E37199DE6EE00018DE5 /* Release */ = {
			isa = XCBuildConfiguration;
			buildSettings = {
				EXECUTABLE_PREFIX = lib;
				HEADER_SEARCH_PATHS = (
					"$(inherited)",
					/Applications/Xcode.app/Contents/Developer/Toolchains/XcodeDefault.xctoolchain/usr/include,
					/usr/local/include,
				);
				PRODUCT_NAME = "$(TARGET_NAME)";
			};
			name = Release;
		};
/* End XCBuildConfiguration section */

/* Begin XCConfigurationList section */
		DF472E2C199DE6EE00018DE5 /* Build configuration list for PBXProject "OCImg" */ = {
			isa = XCConfigurationList;
			buildConfigurations = (
				DF472E33199DE6EE00018DE5 /* Debug */,
				DF472E34199DE6EE00018DE5 /* Release */,
			);
			defaultConfigurationIsVisible = 0;
			defaultConfigurationName = Release;
		};
		DF472E35199DE6EE00018DE5 /* Build configuration list for PBXNativeTarget "OCImg" */ = {
			isa = XCConfigurationList;
			buildConfigurations = (
				DF472E36199DE6EE00018DE5 /* Debug */,
				DF472E37199DE6EE00018DE5 /* Release */,
			);
			defaultConfigurationIsVisible = 0;
		};
/* End XCConfigurationList section */
	};
	rootObject = DF472E29199DE6EE00018DE5 /* Project object */;
}
